
Microsoft Visual Studio Solution File, Format Version 12.00
# Visual Studio Version 16
VisualStudioVersion = 16.0.31702.278
MinimumVisualStudioVersion = 10.0.40219.1
Project("{FAE04EC0-301F-11D3-BF4B-00C04F79EFBC}") = "Odobasa_Tudor_Lab2", "Odobasa_Tudor_Lab2.csproj", "{954EF954-390B-409E-BED7-EBE4930C8AD4}"
EndProject
Global
	GlobalSection(SolutionConfigurationPlatforms) = preSolution
		Debug|Any CPU = Debug|Any CPU
		Release|Any CPU = Release|Any CPU
	EndGlobalSection
	GlobalSection(ProjectConfigurationPlatforms) = postSolution
		{954EF954-390B-409E-BED7-EBE4930C8AD4}.Debug|Any CPU.ActiveCfg = Debug|Any CPU
		{954EF954-390B-409E-BED7-EBE4930C8AD4}.Debug|Any CPU.Build.0 = Debug|Any CPU
		{954EF954-390B-409E-BED7-EBE4930C8AD4}.Release|Any CPU.ActiveCfg = Release|Any CPU
		{954EF954-390B-409E-BED7-EBE4930C8AD4}.Release|Any CPU.Build.0 = Release|Any CPU
	EndGlobalSection
	GlobalSection(SolutionProperties) = preSolution
		HideSolutionNode = FALSE
	EndGlobalSection
	GlobalSection(ExtensibilityGlobals) = postSolution
		SolutionGuid = {01B07B66-DC23-4C05-9378-B6C2D08A9F56}
	EndGlobalSection
EndGlobal
